// !$*UTF8*$!
{
	archiveVersion = 1;
	classes = {
	};
	objectVersion = 46;
	objects = {

/* Begin PBXBuildFile section */
		5A4AECDB1C5A6680008D2A0D /* SystemConfiguration.framework in Frameworks */ = {isa = PBXBuildFile; fileRef = 5A4AECDA1C5A6680008D2A0D /* SystemConfiguration.framework */; };
		5A4AECDD1C5A6692008D2A0D /* MobileCoreServices.framework in Frameworks */ = {isa = PBXBuildFile; fileRef = 5A4AECDC1C5A6692008D2A0D /* MobileCoreServices.framework */; };
		5A4AECDF1C5A66A1008D2A0D /* CoreTelephony.framework in Frameworks */ = {isa = PBXBuildFile; fileRef = 5A4AECDE1C5A66A1008D2A0D /* CoreTelephony.framework */; };
		5A4AECE11C5A66AD008D2A0D /* CoreLocation.framework in Frameworks */ = {isa = PBXBuildFile; fileRef = 5A4AECE01C5A66AD008D2A0D /* CoreLocation.framework */; };
		5A4E9B1A1C4D138200F39669 /* AppDelegate.swift in Sources */ = {isa = PBXBuildFile; fileRef = 5A4E9B191C4D138200F39669 /* AppDelegate.swift */; };
		5A4E9B1C1C4D138200F39669 /* ViewController.swift in Sources */ = {isa = PBXBuildFile; fileRef = 5A4E9B1B1C4D138200F39669 /* ViewController.swift */; };
		5A4E9B1F1C4D138200F39669 /* Main.storyboard in Resources */ = {isa = PBXBuildFile; fileRef = 5A4E9B1D1C4D138200F39669 /* Main.storyboard */; };
		5A4E9B211C4D138200F39669 /* Assets.xcassets in Resources */ = {isa = PBXBuildFile; fileRef = 5A4E9B201C4D138200F39669 /* Assets.xcassets */; };
		5A4E9B241C4D138200F39669 /* LaunchScreen.storyboard in Resources */ = {isa = PBXBuildFile; fileRef = 5A4E9B221C4D138200F39669 /* LaunchScreen.storyboard */; };
		5A4E9B2F1C4D138200F39669 /* tipCalculatorTests.swift in Sources */ = {isa = PBXBuildFile; fileRef = 5A4E9B2E1C4D138200F39669 /* tipCalculatorTests.swift */; };
		5A4E9B3A1C4D138200F39669 /* tipCalculatorUITests.swift in Sources */ = {isa = PBXBuildFile; fileRef = 5A4E9B391C4D138200F39669 /* tipCalculatorUITests.swift */; };
		F9ECFDD1D8A255579412E746 /* Pods.framework in Frameworks */ = {isa = PBXBuildFile; fileRef = 268F337786D79D723F8711EA /* Pods.framework */; };
/* End PBXBuildFile section */

/* Begin PBXContainerItemProxy section */
		5A4E9B2B1C4D138200F39669 /* PBXContainerItemProxy */ = {
			isa = PBXContainerItemProxy;
			containerPortal = 5A4E9B0E1C4D138200F39669 /* Project object */;
			proxyType = 1;
			remoteGlobalIDString = 5A4E9B151C4D138200F39669;
			remoteInfo = tipCalculator;
		};
		5A4E9B361C4D138200F39669 /* PBXContainerItemProxy */ = {
			isa = PBXContainerItemProxy;
			containerPortal = 5A4E9B0E1C4D138200F39669 /* Project object */;
			proxyType = 1;
			remoteGlobalIDString = 5A4E9B151C4D138200F39669;
			remoteInfo = tipCalculator;
		};
/* End PBXContainerItemProxy section */

/* Begin PBXFileReference section */
		1337B86E42D17C9F78008EBE /* Pods.debug.xcconfig */ = {isa = PBXFileReference; includeInIndex = 1; lastKnownFileType = text.xcconfig; name = Pods.debug.xcconfig; path = "Pods/Target Support Files/Pods/Pods.debug.xcconfig"; sourceTree = "<group>"; };
		268F337786D79D723F8711EA /* Pods.framework */ = {isa = PBXFileReference; explicitFileType = wrapper.framework; includeInIndex = 0; path = Pods.framework; sourceTree = BUILT_PRODUCTS_DIR; };
		5A4AECD91C5A2F45008D2A0D /* tipCalculator-Bridging-Header.h */ = {isa = PBXFileReference; lastKnownFileType = sourcecode.c.h; path = "tipCalculator-Bridging-Header.h"; sourceTree = "<group>"; };
		5A4AECDA1C5A6680008D2A0D /* SystemConfiguration.framework */ = {isa = PBXFileReference; lastKnownFileType = wrapper.framework; name = SystemConfiguration.framework; path = System/Library/Frameworks/SystemConfiguration.framework; sourceTree = SDKROOT; };
		5A4AECDC1C5A6692008D2A0D /* MobileCoreServices.framework */ = {isa = PBXFileReference; lastKnownFileType = wrapper.framework; name = MobileCoreServices.framework; path = System/Library/Frameworks/MobileCoreServices.framework; sourceTree = SDKROOT; };
		5A4AECDE1C5A66A1008D2A0D /* CoreTelephony.framework */ = {isa = PBXFileReference; lastKnownFileType = wrapper.framework; name = CoreTelephony.framework; path = System/Library/Frameworks/CoreTelephony.framework; sourceTree = SDKROOT; };
		5A4AECE01C5A66AD008D2A0D /* CoreLocation.framework */ = {isa = PBXFileReference; lastKnownFileType = wrapper.framework; name = CoreLocation.framework; path = System/Library/Frameworks/CoreLocation.framework; sourceTree = SDKROOT; };
		5A4E9B161C4D138200F39669 /* tipCalculator.app */ = {isa = PBXFileReference; explicitFileType = wrapper.application; includeInIndex = 0; path = tipCalculator.app; sourceTree = BUILT_PRODUCTS_DIR; };
		5A4E9B191C4D138200F39669 /* AppDelegate.swift */ = {isa = PBXFileReference; lastKnownFileType = sourcecode.swift; path = AppDelegate.swift; sourceTree = "<group>"; };
		5A4E9B1B1C4D138200F39669 /* ViewController.swift */ = {isa = PBXFileReference; lastKnownFileType = sourcecode.swift; path = ViewController.swift; sourceTree = "<group>"; };
		5A4E9B1E1C4D138200F39669 /* Base */ = {isa = PBXFileReference; lastKnownFileType = file.storyboard; name = Base; path = Base.lproj/Main.storyboard; sourceTree = "<group>"; };
		5A4E9B201C4D138200F39669 /* Assets.xcassets */ = {isa = PBXFileReference; lastKnownFileType = folder.assetcatalog; path = Assets.xcassets; sourceTree = "<group>"; };
		5A4E9B231C4D138200F39669 /* Base */ = {isa = PBXFileReference; lastKnownFileType = file.storyboard; name = Base; path = Base.lproj/LaunchScreen.storyboard; sourceTree = "<group>"; };
		5A4E9B251C4D138200F39669 /* Info.plist */ = {isa = PBXFileReference; lastKnownFileType = text.plist.xml; path = Info.plist; sourceTree = "<group>"; };
		5A4E9B2A1C4D138200F39669 /* tipCalculatorTests.xctest */ = {isa = PBXFileReference; explicitFileType = wrapper.cfbundle; includeInIndex = 0; path = tipCalculatorTests.xctest; sourceTree = BUILT_PRODUCTS_DIR; };
		5A4E9B2E1C4D138200F39669 /* tipCalculatorTests.swift */ = {isa = PBXFileReference; lastKnownFileType = sourcecode.swift; path = tipCalculatorTests.swift; sourceTree = "<group>"; };
		5A4E9B301C4D138200F39669 /* Info.plist */ = {isa = PBXFileReference; lastKnownFileType = text.plist.xml; path = Info.plist; sourceTree = "<group>"; };
		5A4E9B351C4D138200F39669 /* tipCalculatorUITests.xctest */ = {isa = PBXFileReference; explicitFileType = wrapper.cfbundle; includeInIndex = 0; path = tipCalculatorUITests.xctest; sourceTree = BUILT_PRODUCTS_DIR; };
		5A4E9B391C4D138200F39669 /* tipCalculatorUITests.swift */ = {isa = PBXFileReference; lastKnownFileType = sourcecode.swift; path = tipCalculatorUITests.swift; sourceTree = "<group>"; };
		5A4E9B3B1C4D138200F39669 /* Info.plist */ = {isa = PBXFileReference; lastKnownFileType = text.plist.xml; path = Info.plist; sourceTree = "<group>"; };
		AA12036D83647AC8BAF43C95 /* Pods.release.xcconfig */ = {isa = PBXFileReference; includeInIndex = 1; lastKnownFileType = text.xcconfig; name = Pods.release.xcconfig; path = "Pods/Target Support Files/Pods/Pods.release.xcconfig"; sourceTree = "<group>"; };
/* End PBXFileReference section */

/* Begin PBXFrameworksBuildPhase section */
		5A4E9B131C4D138200F39669 /* Frameworks */ = {
			isa = PBXFrameworksBuildPhase;
			buildActionMask = 2147483647;
			files = (
				5A4AECE11C5A66AD008D2A0D /* CoreLocation.framework in Frameworks */,
				5A4AECDF1C5A66A1008D2A0D /* CoreTelephony.framework in Frameworks */,
				5A4AECDD1C5A6692008D2A0D /* MobileCoreServices.framework in Frameworks */,
				5A4AECDB1C5A6680008D2A0D /* SystemConfiguration.framework in Frameworks */,
				F9ECFDD1D8A255579412E746 /* Pods.framework in Frameworks */,
			);
			runOnlyForDeploymentPostprocessing = 0;
		};
		5A4E9B271C4D138200F39669 /* Frameworks */ = {
			isa = PBXFrameworksBuildPhase;
			buildActionMask = 2147483647;
			files = (
			);
			runOnlyForDeploymentPostprocessing = 0;
		};
		5A4E9B321C4D138200F39669 /* Frameworks */ = {
			isa = PBXFrameworksBuildPhase;
			buildActionMask = 2147483647;
			files = (
			);
			runOnlyForDeploymentPostprocessing = 0;
		};
/* End PBXFrameworksBuildPhase section */

/* Begin PBXGroup section */
		5A4E9B0D1C4D138200F39669 = {
			isa = PBXGroup;
			children = (
				5A4E9B181C4D138200F39669 /* tipCalculator */,
				5A4E9B2D1C4D138200F39669 /* tipCalculatorTests */,
				5A4E9B381C4D138200F39669 /* tipCalculatorUITests */,
				5A4E9B171C4D138200F39669 /* Products */,
				605827D0C23616BE2D4A68FA /* Pods */,
				A0DDF48C625165B78411AC3B /* Frameworks */,
			);
			sourceTree = "<group>";
		};
		5A4E9B171C4D138200F39669 /* Products */ = {
			isa = PBXGroup;
			children = (
				5A4E9B161C4D138200F39669 /* tipCalculator.app */,
				5A4E9B2A1C4D138200F39669 /* tipCalculatorTests.xctest */,
				5A4E9B351C4D138200F39669 /* tipCalculatorUITests.xctest */,
			);
			name = Products;
			sourceTree = "<group>";
		};
		5A4E9B181C4D138200F39669 /* tipCalculator */ = {
			isa = PBXGroup;
			children = (
				5A4E9B191C4D138200F39669 /* AppDelegate.swift */,
				5A4E9B1B1C4D138200F39669 /* ViewController.swift */,
				5A4E9B1D1C4D138200F39669 /* Main.storyboard */,
				5A4E9B201C4D138200F39669 /* Assets.xcassets */,
				5A4E9B221C4D138200F39669 /* LaunchScreen.storyboard */,
				5A4AECD91C5A2F45008D2A0D /* tipCalculator-Bridging-Header.h */,
				5A4E9B251C4D138200F39669 /* Info.plist */,
			);
			path = tipCalculator;
			sourceTree = "<group>";
		};
		5A4E9B2D1C4D138200F39669 /* tipCalculatorTests */ = {
			isa = PBXGroup;
			children = (
				5A4E9B2E1C4D138200F39669 /* tipCalculatorTests.swift */,
				5A4E9B301C4D138200F39669 /* Info.plist */,
			);
			path = tipCalculatorTests;
			sourceTree = "<group>";
		};
		5A4E9B381C4D138200F39669 /* tipCalculatorUITests */ = {
			isa = PBXGroup;
			children = (
				5A4E9B391C4D138200F39669 /* tipCalculatorUITests.swift */,
				5A4E9B3B1C4D138200F39669 /* Info.plist */,
			);
			path = tipCalculatorUITests;
			sourceTree = "<group>";
		};
		605827D0C23616BE2D4A68FA /* Pods */ = {
			isa = PBXGroup;
			children = (
				1337B86E42D17C9F78008EBE /* Pods.debug.xcconfig */,
				AA12036D83647AC8BAF43C95 /* Pods.release.xcconfig */,
			);
			name = Pods;
			sourceTree = "<group>";
		};
		A0DDF48C625165B78411AC3B /* Frameworks */ = {
			isa = PBXGroup;
			children = (
				5A4AECE01C5A66AD008D2A0D /* CoreLocation.framework */,
				5A4AECDE1C5A66A1008D2A0D /* CoreTelephony.framework */,
				5A4AECDC1C5A6692008D2A0D /* MobileCoreServices.framework */,
				5A4AECDA1C5A6680008D2A0D /* SystemConfiguration.framework */,
				268F337786D79D723F8711EA /* Pods.framework */,
			);
			name = Frameworks;
			sourceTree = "<group>";
		};
/* End PBXGroup section */

/* Begin PBXNativeTarget section */
		5A4E9B151C4D138200F39669 /* tipCalculator */ = {
			isa = PBXNativeTarget;
			buildConfigurationList = 5A4E9B3E1C4D138200F39669 /* Build configuration list for PBXNativeTarget "tipCalculator" */;
			buildPhases = (
				85BF555ED2E3C15CC884C670 /* Check Pods Manifest.lock */,
				5A4E9B121C4D138200F39669 /* Sources */,
				5A4E9B131C4D138200F39669 /* Frameworks */,
				5A4E9B141C4D138200F39669 /* Resources */,
				73373D73711BFEE2E0B7EEB2 /* Embed Pods Frameworks */,
				37AB2A932CBDD60F5D8923D2 /* Copy Pods Resources */,
			);
			buildRules = (
			);
			dependencies = (
			);
			name = tipCalculator;
			productName = tipCalculator;
			productReference = 5A4E9B161C4D138200F39669 /* tipCalculator.app */;
			productType = "com.apple.product-type.application";
		};
		5A4E9B291C4D138200F39669 /* tipCalculatorTests */ = {
			isa = PBXNativeTarget;
			buildConfigurationList = 5A4E9B411C4D138200F39669 /* Build configuration list for PBXNativeTarget "tipCalculatorTests" */;
			buildPhases = (
				5A4E9B261C4D138200F39669 /* Sources */,
				5A4E9B271C4D138200F39669 /* Frameworks */,
				5A4E9B281C4D138200F39669 /* Resources */,
			);
			buildRules = (
			);
			dependencies = (
				5A4E9B2C1C4D138200F39669 /* PBXTargetDependency */,
			);
			name = tipCalculatorTests;
			productName = tipCalculatorTests;
			productReference = 5A4E9B2A1C4D138200F39669 /* tipCalculatorTests.xctest */;
			productType = "com.apple.product-type.bundle.unit-test";
		};
		5A4E9B341C4D138200F39669 /* tipCalculatorUITests */ = {
			isa = PBXNativeTarget;
			buildConfigurationList = 5A4E9B441C4D138200F39669 /* Build configuration list for PBXNativeTarget "tipCalculatorUITests" */;
			buildPhases = (
				5A4E9B311C4D138200F39669 /* Sources */,
				5A4E9B321C4D138200F39669 /* Frameworks */,
				5A4E9B331C4D138200F39669 /* Resources */,
			);
			buildRules = (
			);
			dependencies = (
				5A4E9B371C4D138200F39669 /* PBXTargetDependency */,
			);
			name = tipCalculatorUITests;
			productName = tipCalculatorUITests;
			productReference = 5A4E9B351C4D138200F39669 /* tipCalculatorUITests.xctest */;
			productType = "com.apple.product-type.bundle.ui-testing";
		};
/* End PBXNativeTarget section */

/* Begin PBXProject section */
		5A4E9B0E1C4D138200F39669 /* Project object */ = {
			isa = PBXProject;
			attributes = {
				LastSwiftUpdateCheck = 0720;
				LastUpgradeCheck = 0720;
				ORGANIZATIONNAME = dancite;
				TargetAttributes = {
					5A4E9B151C4D138200F39669 = {
						CreatedOnToolsVersion = 7.2;
					};
					5A4E9B291C4D138200F39669 = {
						CreatedOnToolsVersion = 7.2;
						TestTargetID = 5A4E9B151C4D138200F39669;
					};
					5A4E9B341C4D138200F39669 = {
						CreatedOnToolsVersion = 7.2;
						TestTargetID = 5A4E9B151C4D138200F39669;
					};
				};
			};
			buildConfigurationList = 5A4E9B111C4D138200F39669 /* Build configuration list for PBXProject "tipCalculator" */;
			compatibilityVersion = "Xcode 3.2";
			developmentRegion = English;
			hasScannedForEncodings = 0;
			knownRegions = (
				en,
				Base,
			);
			mainGroup = 5A4E9B0D1C4D138200F39669;
			productRefGroup = 5A4E9B171C4D138200F39669 /* Products */;
			projectDirPath = "";
			projectRoot = "";
			targets = (
				5A4E9B151C4D138200F39669 /* tipCalculator */,
				5A4E9B291C4D138200F39669 /* tipCalculatorTests */,
				5A4E9B341C4D138200F39669 /* tipCalculatorUITests */,
			);
		};
/* End PBXProject section */

/* Begin PBXResourcesBuildPhase section */
		5A4E9B141C4D138200F39669 /* Resources */ = {
			isa = PBXResourcesBuildPhase;
			buildActionMask = 2147483647;
			files = (
				5A4E9B241C4D138200F39669 /* LaunchScreen.storyboard in Resources */,
				5A4E9B211C4D138200F39669 /* Assets.xcassets in Resources */,
				5A4E9B1F1C4D138200F39669 /* Main.storyboard in Resources */,
			);
			runOnlyForDeploymentPostprocessing = 0;
		};
		5A4E9B281C4D138200F39669 /* Resources */ = {
			isa = PBXResourcesBuildPhase;
			buildActionMask = 2147483647;
			files = (
			);
			runOnlyForDeploymentPostprocessing = 0;
		};
		5A4E9B331C4D138200F39669 /* Resources */ = {
			isa = PBXResourcesBuildPhase;
			buildActionMask = 2147483647;
			files = (
			);
			runOnlyForDeploymentPostprocessing = 0;
		};
/* End PBXResourcesBuildPhase section */

/* Begin PBXShellScriptBuildPhase section */
		37AB2A932CBDD60F5D8923D2 /* Copy Pods Resources */ = {
			isa = PBXShellScriptBuildPhase;
			buildActionMask = 2147483647;
			files = (
			);
			inputPaths = (
			);
			name = "Copy Pods Resources";
			outputPaths = (
			);
			runOnlyForDeploymentPostprocessing = 0;
			shellPath = /bin/sh;
			shellScript = "\"${SRCROOT}/Pods/Target Support Files/Pods/Pods-resources.sh\"\n";
			showEnvVarsInLog = 0;
		};
		73373D73711BFEE2E0B7EEB2 /* Embed Pods Frameworks */ = {
			isa = PBXShellScriptBuildPhase;
			buildActionMask = 2147483647;
			files = (
			);
			inputPaths = (
			);
			name = "Embed Pods Frameworks";
			outputPaths = (
			);
			runOnlyForDeploymentPostprocessing = 0;
			shellPath = /bin/sh;
			shellScript = "\"${SRCROOT}/Pods/Target Support Files/Pods/Pods-frameworks.sh\"\n";
			showEnvVarsInLog = 0;
		};
		85BF555ED2E3C15CC884C670 /* Check Pods Manifest.lock */ = {
			isa = PBXShellScriptBuildPhase;
			buildActionMask = 2147483647;
			files = (
			);
			inputPaths = (
			);
			name = "Check Pods Manifest.lock";
			outputPaths = (
			);
			runOnlyForDeploymentPostprocessing = 0;
			shellPath = /bin/sh;
			shellScript = "diff \"${PODS_ROOT}/../Podfile.lock\" \"${PODS_ROOT}/Manifest.lock\" > /dev/null\nif [[ $? != 0 ]] ; then\n    cat << EOM\nerror: The sandbox is not in sync with the Podfile.lock. Run 'pod install' or update your CocoaPods installation.\nEOM\n    exit 1\nfi\n";
			showEnvVarsInLog = 0;
		};
/* End PBXShellScriptBuildPhase section */

/* Begin PBXSourcesBuildPhase section */
		5A4E9B121C4D138200F39669 /* Sources */ = {
			isa = PBXSourcesBuildPhase;
			buildActionMask = 2147483647;
			files = (
				5A4E9B1C1C4D138200F39669 /* ViewController.swift in Sources */,
				5A4E9B1A1C4D138200F39669 /* AppDelegate.swift in Sources */,
			);
			runOnlyForDeploymentPostprocessing = 0;
		};
		5A4E9B261C4D138200F39669 /* Sources */ = {
			isa = PBXSourcesBuildPhase;
			buildActionMask = 2147483647;
			files = (
				5A4E9B2F1C4D138200F39669 /* tipCalculatorTests.swift in Sources */,
			);
			runOnlyForDeploymentPostprocessing = 0;
		};
		5A4E9B311C4D138200F39669 /* Sources */ = {
			isa = PBXSourcesBuildPhase;
			buildActionMask = 2147483647;
			files = (
				5A4E9B3A1C4D138200F39669 /* tipCalculatorUITests.swift in Sources */,
			);
			runOnlyForDeploymentPostprocessing = 0;
		};
/* End PBXSourcesBuildPhase section */

/* Begin PBXTargetDependency section */
		5A4E9B2C1C4D138200F39669 /* PBXTargetDependency */ = {
			isa = PBXTargetDependency;
			target = 5A4E9B151C4D138200F39669 /* tipCalculator */;
			targetProxy = 5A4E9B2B1C4D138200F39669 /* PBXContainerItemProxy */;
		};
		5A4E9B371C4D138200F39669 /* PBXTargetDependency */ = {
			isa = PBXTargetDependency;
			target = 5A4E9B151C4D138200F39669 /* tipCalculator */;
			targetProxy = 5A4E9B361C4D138200F39669 /* PBXContainerItemProxy */;
		};
/* End PBXTargetDependency section */

/* Begin PBXVariantGroup section */
		5A4E9B1D1C4D138200F39669 /* Main.storyboard */ = {
			isa = PBXVariantGroup;
			children = (
				5A4E9B1E1C4D138200F39669 /* Base */,
			);
			name = Main.storyboard;
			sourceTree = "<group>";
		};
		5A4E9B221C4D138200F39669 /* LaunchScreen.storyboard */ = {
			isa = PBXVariantGroup;
			children = (
				5A4E9B231C4D138200F39669 /* Base */,
			);
			name = LaunchScreen.storyboard;
			sourceTree = "<group>";
		};
/* End PBXVariantGroup section */

/* Begin XCBuildConfiguration section */
		5A4E9B3C1C4D138200F39669 /* Debug */ = {
			isa = XCBuildConfiguration;
			buildSettings = {
				ALWAYS_SEARCH_USER_PATHS = NO;
				CLANG_CXX_LANGUAGE_STANDARD = "gnu++0x";
				CLANG_CXX_LIBRARY = "libc++";
				CLANG_ENABLE_MODULES = YES;
				CLANG_ENABLE_OBJC_ARC = YES;
				CLANG_WARN_BOOL_CONVERSION = YES;
				CLANG_WARN_CONSTANT_CONVERSION = YES;
				CLANG_WARN_DIRECT_OBJC_ISA_USAGE = YES_ERROR;
				CLANG_WARN_EMPTY_BODY = YES;
				CLANG_WARN_ENUM_CONVERSION = YES;
				CLANG_WARN_INT_CONVERSION = YES;
				CLANG_WARN_OBJC_ROOT_CLASS = YES_ERROR;
				CLANG_WARN_UNREACHABLE_CODE = YES;
				CLANG_WARN__DUPLICATE_METHOD_MATCH = YES;
				"CODE_SIGN_IDENTITY[sdk=iphoneos*]" = "iPhone Developer";
				COPY_PHASE_STRIP = NO;
				DEBUG_INFORMATION_FORMAT = dwarf;
				ENABLE_STRICT_OBJC_MSGSEND = YES;
				ENABLE_TESTABILITY = YES;
				GCC_C_LANGUAGE_STANDARD = gnu99;
				GCC_DYNAMIC_NO_PIC = NO;
				GCC_NO_COMMON_BLOCKS = YES;
				GCC_OPTIMIZATION_LEVEL = 0;
				GCC_PREPROCESSOR_DEFINITIONS = (
					"DEBUG=1",
					"$(inherited)",
				);
				GCC_WARN_64_TO_32_BIT_CONVERSION = YES;
				GCC_WARN_ABOUT_RETURN_TYPE = YES_ERROR;
				GCC_WARN_UNDECLARED_SELECTOR = YES;
				GCC_WARN_UNINITIALIZED_AUTOS = YES_AGGRESSIVE;
				GCC_WARN_UNUSED_FUNCTION = YES;
				GCC_WARN_UNUSED_VARIABLE = YES;
				IPHONEOS_DEPLOYMENT_TARGET = 9.2;
				MTL_ENABLE_DEBUG_INFO = YES;
				ONLY_ACTIVE_ARCH = YES;
				SDKROOT = iphoneos;
				SWIFT_OPTIMIZATION_LEVEL = "-Onone";
			};
			name = Debug;
		};
		5A4E9B3D1C4D138200F39669 /* Release */ = {
			isa = XCBuildConfiguration;
			buildSettings = {
				ALWAYS_SEARCH_USER_PATHS = NO;
				CLANG_CXX_LANGUAGE_STANDARD = "gnu++0x";
				CLANG_CXX_LIBRARY = "libc++";
				CLANG_ENABLE_MODULES = YES;
				CLANG_ENABLE_OBJC_ARC = YES;
				CLANG_WARN_BOOL_CONVERSION = YES;
				CLANG_WARN_CONSTANT_CONVERSION = YES;
				CLANG_WARN_DIRECT_OBJC_ISA_USAGE = YES_ERROR;
				CLANG_WARN_EMPTY_BODY = YES;
				CLANG_WARN_ENUM_CONVERSION = YES;
				CLANG_WARN_INT_CONVERSION = YES;
				CLANG_WARN_OBJC_ROOT_CLASS = YES_ERROR;
				CLANG_WARN_UNREACHABLE_CODE = YES;
				CLANG_WARN__DUPLICATE_METHOD_MATCH = YES;
				"CODE_SIGN_IDENTITY[sdk=iphoneos*]" = "iPhone Developer";
				COPY_PHASE_STRIP = NO;
				DEBUG_INFORMATION_FORMAT = "dwarf-with-dsym";
				ENABLE_NS_ASSERTIONS = NO;
				ENABLE_STRICT_OBJC_MSGSEND = YES;
				GCC_C_LANGUAGE_STANDARD = gnu99;
				GCC_NO_COMMON_BLOCKS = YES;
				GCC_WARN_64_TO_32_BIT_CONVERSION = YES;
				GCC_WARN_ABOUT_RETURN_TYPE = YES_ERROR;
				GCC_WARN_UNDECLARED_SELECTOR = YES;
				GCC_WARN_UNINITIALIZED_AUTOS = YES_AGGRESSIVE;
				GCC_WARN_UNUSED_FUNCTION = YES;
				GCC_WARN_UNUSED_VARIABLE = YES;
				IPHONEOS_DEPLOYMENT_TARGET = 9.2;
				MTL_ENABLE_DEBUG_INFO = NO;
				SDKROOT = iphoneos;
				VALIDATE_PRODUCT = YES;
			};
			name = Release;
		};
		5A4E9B3F1C4D138200F39669 /* Debug */ = {
			isa = XCBuildConfiguration;
			baseConfigurationReference = 1337B86E42D17C9F78008EBE /* Pods.debug.xcconfig */;
			buildSettings = {
				ASSETCATALOG_COMPILER_APPICON_NAME = AppIcon;
				INFOPLIST_FILE = tipCalculator/Info.plist;
				LD_RUNPATH_SEARCH_PATHS = "$(inherited) @executable_path/Frameworks";
				PRODUCT_BUNDLE_IDENTIFIER = com.dancite.tipCalculator;
				PRODUCT_NAME = "$(TARGET_NAME)";
				SWIFT_OBJC_BRIDGING_HEADER = "tipCalculator/tipCalculator-Bridging-header.h";
			};
			name = Debug;
		};
		5A4E9B401C4D138200F39669 /* Release */ = {
			isa = XCBuildConfiguration;
			baseConfigurationReference = AA12036D83647AC8BAF43C95 /* Pods.release.xcconfig */;
			buildSettings = {
				ASSETCATALOG_COMPILER_APPICON_NAME = AppIcon;
				INFOPLIST_FILE = tipCalculator/Info.plist;
				LD_RUNPATH_SEARCH_PATHS = "$(inherited) @executable_path/Frameworks";
				PRODUCT_BUNDLE_IDENTIFIER = com.dancite.tipCalculator;
				PRODUCT_NAME = "$(TARGET_NAME)";
				SWIFT_OBJC_BRIDGING_HEADER = "tipCalculator/tipCalculator-Bridging-header.h";
			};
			name = Release;
		};
		5A4E9B421C4D138200F39669 /* Debug */ = {
			isa = XCBuildConfiguration;
			buildSettings = {
				BUNDLE_LOADER = "$(TEST_HOST)";
				INFOPLIST_FILE = tipCalculatorTests/Info.plist;
				LD_RUNPATH_SEARCH_PATHS = "$(inherited) @executable_path/Frameworks @loader_path/Frameworks";
				PRODUCT_BUNDLE_IDENTIFIER = com.dancite.tipCalculatorTests;
				PRODUCT_NAME = "$(TARGET_NAME)";
				TEST_HOST = "$(BUILT_PRODUCTS_DIR)/tipCalculator.app/tipCalculator";
			};
			name = Debug;
		};
		5A4E9B431C4D138200F39669 /* Release */ = {
			isa = XCBuildConfiguration;
			buildSettings = {
				BUNDLE_LOADER = "$(TEST_HOST)";
				INFOPLIST_FILE = tipCalculatorTests/Info.plist;
				LD_RUNPATH_SEARCH_PATHS = "$(inherited) @executable_path/Frameworks @loader_path/Frameworks";
				PRODUCT_BUNDLE_IDENTIFIER = com.dancite.tipCalculatorTests;
				PRODUCT_NAME = "$(TARGET_NAME)";
				TEST_HOST = "$(BUILT_PRODUCTS_DIR)/tipCalculator.app/tipCalculator";
			};
			name = Release;
		};
		5A4E9B451C4D138200F39669 /* Debug */ = {
			isa = XCBuildConfiguration;
			buildSettings = {
				INFOPLIST_FILE = tipCalculatorUITests/Info.plist;
				LD_RUNPATH_SEARCH_PATHS = "$(inherited) @executable_path/Frameworks @loader_path/Frameworks";
				PRODUCT_BUNDLE_IDENTIFIER = com.dancite.tipCalculatorUITests;
				PRODUCT_NAME = "$(TARGET_NAME)";
				TEST_TARGET_NAME = tipCalculator;
				USES_XCTRUNNER = YES;
			};
			name = Debug;
		};
		5A4E9B461C4D138200F39669 /* Release */ = {
			isa = XCBuildConfiguration;
			buildSettings = {
				INFOPLIST_FILE = tipCalculatorUITests/Info.plist;
				LD_RUNPATH_SEARCH_PATHS = "$(inherited) @executable_path/Frameworks @loader_path/Frameworks";
				PRODUCT_BUNDLE_IDENTIFIER = com.dancite.tipCalculatorUITests;
				PRODUCT_NAME = "$(TARGET_NAME)";
				TEST_TARGET_NAME = tipCalculator;
				USES_XCTRUNNER = YES;
			};
			name = Release;
		};
/* End XCBuildConfiguration section */

/* Begin XCConfigurationList section */
		5A4E9B111C4D138200F39669 /* Build configuration list for PBXProject "tipCalculator" */ = {
			isa = XCConfigurationList;
			buildConfigurations = (
				5A4E9B3C1C4D138200F39669 /* Debug */,
				5A4E9B3D1C4D138200F39669 /* Release */,
			);
			defaultConfigurationIsVisible = 0;
			defaultConfigurationName = Release;
		};
		5A4E9B3E1C4D138200F39669 /* Build configuration list for PBXNativeTarget "tipCalculator" */ = {
			isa = XCConfigurationList;
			buildConfigurations = (
				5A4E9B3F1C4D138200F39669 /* Debug */,
				5A4E9B401C4D138200F39669 /* Release */,
			);
			defaultConfigurationIsVisible = 0;
			defaultConfigurationName = Release;
		};
		5A4E9B411C4D138200F39669 /* Build configuration list for PBXNativeTarget "tipCalculatorTests" */ = {
			isa = XCConfigurationList;
			buildConfigurations = (
				5A4E9B421C4D138200F39669 /* Debug */,
				5A4E9B431C4D138200F39669 /* Release */,
			);
			defaultConfigurationIsVisible = 0;
			defaultConfigurationName = Release;
		};
		5A4E9B441C4D138200F39669 /* Build configuration list for PBXNativeTarget "tipCalculatorUITests" */ = {
			isa = XCConfigurationList;
			buildConfigurations = (
				5A4E9B451C4D138200F39669 /* Debug */,
				5A4E9B461C4D138200F39669 /* Release */,
			);
			defaultConfigurationIsVisible = 0;
			defaultConfigurationName = Release;
		};
/* End XCConfigurationList section */
	};
	rootObject = 5A4E9B0E1C4D138200F39669 /* Project object */;
}
